
Microsoft Visual Studio Solution File, Format Version 12.00
# Visual Studio Version 16
VisualStudioVersion = 16.0.31727.386
MinimumVisualStudioVersion = 10.0.40219.1
Project("{FAE04EC0-301F-11D3-BF4B-00C04F79EFBC}") = "ConsoleAppMultifuncional", "ConsoleAppMultifuncional\ConsoleAppMultifuncional.csproj", "{A845B57D-73FD-43FA-B5DB-24BEAF3A69AF}"
EndProject
Global
	GlobalSection(SolutionConfigurationPlatforms) = preSolution
		Debug|Any CPU = Debug|Any CPU
		Release|Any CPU = Release|Any CPU
	EndGlobalSection
	GlobalSection(ProjectConfigurationPlatforms) = postSolution
		{A845B57D-73FD-43FA-B5DB-24BEAF3A69AF}.Debug|Any CPU.ActiveCfg = Debug|Any CPU
		{A845B57D-73FD-43FA-B5DB-24BEAF3A69AF}.Debug|Any CPU.Build.0 = Debug|Any CPU
		{A845B57D-73FD-43FA-B5DB-24BEAF3A69AF}.Release|Any CPU.ActiveCfg = Release|Any CPU
		{A845B57D-73FD-43FA-B5DB-24BEAF3A69AF}.Release|Any CPU.Build.0 = Release|Any CPU
	EndGlobalSection
	GlobalSection(SolutionProperties) = preSolution
		HideSolutionNode = FALSE
	EndGlobalSection
	GlobalSection(ExtensibilityGlobals) = postSolution
		SolutionGuid = {494DEA43-DB06-49C4-8CFF-645ABBD1A062}
	EndGlobalSection
EndGlobal
